// !$*UTF8*$!
{
	archiveVersion = 1;
	classes = {
	};
	objectVersion = 56;
	objects = {

/* Begin PBXBuildFile section */
		FB3260042CD285300096812A /* AppDelegate.swift in Sources */ = {isa = PBXBuildFile; fileRef = FB3260032CD285300096812A /* AppDelegate.swift */; };
		FB3260062CD285300096812A /* SceneDelegate.swift in Sources */ = {isa = PBXBuildFile; fileRef = FB3260052CD285300096812A /* SceneDelegate.swift */; };
		FB3260082CD285300096812A /* ViewController.swift in Sources */ = {isa = PBXBuildFile; fileRef = FB3260072CD285300096812A /* ViewController.swift */; };
		FB32600B2CD285300096812A /* Base in Resources */ = {isa = PBXBuildFile; fileRef = FB32600A2CD285300096812A /* Base */; };
		FB32600D2CD285300096812A /* Assets.xcassets in Resources */ = {isa = PBXBuildFile; fileRef = FB32600C2CD285300096812A /* Assets.xcassets */; };
		FB3260102CD285300096812A /* Base in Resources */ = {isa = PBXBuildFile; fileRef = FB32600F2CD285300096812A /* Base */; };
		FB32601B2CD285300096812A /* boceto_4_subiendo_fotosTests.swift in Sources */ = {isa = PBXBuildFile; fileRef = FB32601A2CD285300096812A /* boceto_4_subiendo_fotosTests.swift */; };
		FB3260252CD285300096812A /* boceto_4_subiendo_fotosUITests.swift in Sources */ = {isa = PBXBuildFile; fileRef = FB3260242CD285300096812A /* boceto_4_subiendo_fotosUITests.swift */; };
		FB3260272CD285300096812A /* boceto_4_subiendo_fotosUITestsLaunchTests.swift in Sources */ = {isa = PBXBuildFile; fileRef = FB3260262CD285300096812A /* boceto_4_subiendo_fotosUITestsLaunchTests.swift */; };
/* End PBXBuildFile section */

/* Begin PBXContainerItemProxy section */
		FB3260172CD285300096812A /* PBXContainerItemProxy */ = {
			isa = PBXContainerItemProxy;
			containerPortal = FB325FF82CD285300096812A /* Project object */;
			proxyType = 1;
			remoteGlobalIDString = FB325FFF2CD285300096812A;
			remoteInfo = boceto_4_subiendo_fotos;
		};
		FB3260212CD285300096812A /* PBXContainerItemProxy */ = {
			isa = PBXContainerItemProxy;
			containerPortal = FB325FF82CD285300096812A /* Project object */;
			proxyType = 1;
			remoteGlobalIDString = FB325FFF2CD285300096812A;
			remoteInfo = boceto_4_subiendo_fotos;
		};
/* End PBXContainerItemProxy section */

/* Begin PBXFileReference section */
		FB3260002CD285300096812A /* boceto_4_subiendo_fotos.app */ = {isa = PBXFileReference; explicitFileType = wrapper.application; includeInIndex = 0; path = boceto_4_subiendo_fotos.app; sourceTree = BUILT_PRODUCTS_DIR; };
		FB3260032CD285300096812A /* AppDelegate.swift */ = {isa = PBXFileReference; lastKnownFileType = sourcecode.swift; path = AppDelegate.swift; sourceTree = "<group>"; };
		FB3260052CD285300096812A /* SceneDelegate.swift */ = {isa = PBXFileReference; lastKnownFileType = sourcecode.swift; path = SceneDelegate.swift; sourceTree = "<group>"; };
		FB3260072CD285300096812A /* ViewController.swift */ = {isa = PBXFileReference; lastKnownFileType = sourcecode.swift; path = ViewController.swift; sourceTree = "<group>"; };
		FB32600A2CD285300096812A /* Base */ = {isa = PBXFileReference; lastKnownFileType = file.storyboard; name = Base; path = Base.lproj/Main.storyboard; sourceTree = "<group>"; };
		FB32600C2CD285300096812A /* Assets.xcassets */ = {isa = PBXFileReference; lastKnownFileType = folder.assetcatalog; path = Assets.xcassets; sourceTree = "<group>"; };
		FB32600F2CD285300096812A /* Base */ = {isa = PBXFileReference; lastKnownFileType = file.storyboard; name = Base; path = Base.lproj/LaunchScreen.storyboard; sourceTree = "<group>"; };
		FB3260112CD285300096812A /* Info.plist */ = {isa = PBXFileReference; lastKnownFileType = text.plist.xml; path = Info.plist; sourceTree = "<group>"; };
		FB3260162CD285300096812A /* boceto_4_subiendo_fotosTests.xctest */ = {isa = PBXFileReference; explicitFileType = wrapper.cfbundle; includeInIndex = 0; path = boceto_4_subiendo_fotosTests.xctest; sourceTree = BUILT_PRODUCTS_DIR; };
		FB32601A2CD285300096812A /* boceto_4_subiendo_fotosTests.swift */ = {isa = PBXFileReference; lastKnownFileType = sourcecode.swift; path = boceto_4_subiendo_fotosTests.swift; sourceTree = "<group>"; };
		FB3260202CD285300096812A /* boceto_4_subiendo_fotosUITests.xctest */ = {isa = PBXFileReference; explicitFileType = wrapper.cfbundle; includeInIndex = 0; path = boceto_4_subiendo_fotosUITests.xctest; sourceTree = BUILT_PRODUCTS_DIR; };
		FB3260242CD285300096812A /* boceto_4_subiendo_fotosUITests.swift */ = {isa = PBXFileReference; lastKnownFileType = sourcecode.swift; path = boceto_4_subiendo_fotosUITests.swift; sourceTree = "<group>"; };
		FB3260262CD285300096812A /* boceto_4_subiendo_fotosUITestsLaunchTests.swift */ = {isa = PBXFileReference; lastKnownFileType = sourcecode.swift; path = boceto_4_subiendo_fotosUITestsLaunchTests.swift; sourceTree = "<group>"; };
/* End PBXFileReference section */

/* Begin PBXFrameworksBuildPhase section */
		FB325FFD2CD285300096812A /* Frameworks */ = {
			isa = PBXFrameworksBuildPhase;
			buildActionMask = 2147483647;
			files = (
			);
			runOnlyForDeploymentPostprocessing = 0;
		};
		FB3260132CD285300096812A /* Frameworks */ = {
			isa = PBXFrameworksBuildPhase;
			buildActionMask = 2147483647;
			files = (
			);
			runOnlyForDeploymentPostprocessing = 0;
		};
		FB32601D2CD285300096812A /* Frameworks */ = {
			isa = PBXFrameworksBuildPhase;
			buildActionMask = 2147483647;
			files = (
			);
			runOnlyForDeploymentPostprocessing = 0;
		};
/* End PBXFrameworksBuildPhase section */

/* Begin PBXGroup section */
		FB325FF72CD285300096812A = {
			isa = PBXGroup;
			children = (
				FB3260022CD285300096812A /* boceto_4_subiendo_fotos */,
				FB3260192CD285300096812A /* boceto_4_subiendo_fotosTests */,
				FB3260232CD285300096812A /* boceto_4_subiendo_fotosUITests */,
				FB3260012CD285300096812A /* Products */,
			);
			sourceTree = "<group>";
		};
		FB3260012CD285300096812A /* Products */ = {
			isa = PBXGroup;
			children = (
				FB3260002CD285300096812A /* boceto_4_subiendo_fotos.app */,
				FB3260162CD285300096812A /* boceto_4_subiendo_fotosTests.xctest */,
				FB3260202CD285300096812A /* boceto_4_subiendo_fotosUITests.xctest */,
			);
			name = Products;
			sourceTree = "<group>";
		};
		FB3260022CD285300096812A /* boceto_4_subiendo_fotos */ = {
			isa = PBXGroup;
			children = (
				FB3260032CD285300096812A /* AppDelegate.swift */,
				FB3260052CD285300096812A /* SceneDelegate.swift */,
				FB3260072CD285300096812A /* ViewController.swift */,
				FB3260092CD285300096812A /* Main.storyboard */,
				FB32600C2CD285300096812A /* Assets.xcassets */,
				FB32600E2CD285300096812A /* LaunchScreen.storyboard */,
				FB3260112CD285300096812A /* Info.plist */,
			);
			path = boceto_4_subiendo_fotos;
			sourceTree = "<group>";
		};
		FB3260192CD285300096812A /* boceto_4_subiendo_fotosTests */ = {
			isa = PBXGroup;
			children = (
				FB32601A2CD285300096812A /* boceto_4_subiendo_fotosTests.swift */,
			);
			path = boceto_4_subiendo_fotosTests;
			sourceTree = "<group>";
		};
		FB3260232CD285300096812A /* boceto_4_subiendo_fotosUITests */ = {
			isa = PBXGroup;
			children = (
				FB3260242CD285300096812A /* boceto_4_subiendo_fotosUITests.swift */,
				FB3260262CD285300096812A /* boceto_4_subiendo_fotosUITestsLaunchTests.swift */,
			);
			path = boceto_4_subiendo_fotosUITests;
			sourceTree = "<group>";
		};
/* End PBXGroup section */

/* Begin PBXNativeTarget section */
		FB325FFF2CD285300096812A /* boceto_4_subiendo_fotos */ = {
			isa = PBXNativeTarget;
			buildConfigurationList = FB32602A2CD285300096812A /* Build configuration list for PBXNativeTarget "boceto_4_subiendo_fotos" */;
			buildPhases = (
				FB325FFC2CD285300096812A /* Sources */,
				FB325FFD2CD285300096812A /* Frameworks */,
				FB325FFE2CD285300096812A /* Resources */,
			);
			buildRules = (
			);
			dependencies = (
			);
			name = boceto_4_subiendo_fotos;
			productName = boceto_4_subiendo_fotos;
			productReference = FB3260002CD285300096812A /* boceto_4_subiendo_fotos.app */;
			productType = "com.apple.product-type.application";
		};
		FB3260152CD285300096812A /* boceto_4_subiendo_fotosTests */ = {
			isa = PBXNativeTarget;
			buildConfigurationList = FB32602D2CD285300096812A /* Build configuration list for PBXNativeTarget "boceto_4_subiendo_fotosTests" */;
			buildPhases = (
				FB3260122CD285300096812A /* Sources */,
				FB3260132CD285300096812A /* Frameworks */,
				FB3260142CD285300096812A /* Resources */,
			);
			buildRules = (
			);
			dependencies = (
				FB3260182CD285300096812A /* PBXTargetDependency */,
			);
			name = boceto_4_subiendo_fotosTests;
			productName = boceto_4_subiendo_fotosTests;
			productReference = FB3260162CD285300096812A /* boceto_4_subiendo_fotosTests.xctest */;
			productType = "com.apple.product-type.bundle.unit-test";
		};
		FB32601F2CD285300096812A /* boceto_4_subiendo_fotosUITests */ = {
			isa = PBXNativeTarget;
			buildConfigurationList = FB3260302CD285300096812A /* Build configuration list for PBXNativeTarget "boceto_4_subiendo_fotosUITests" */;
			buildPhases = (
				FB32601C2CD285300096812A /* Sources */,
				FB32601D2CD285300096812A /* Frameworks */,
				FB32601E2CD285300096812A /* Resources */,
			);
			buildRules = (
			);
			dependencies = (
				FB3260222CD285300096812A /* PBXTargetDependency */,
			);
			name = boceto_4_subiendo_fotosUITests;
			productName = boceto_4_subiendo_fotosUITests;
			productReference = FB3260202CD285300096812A /* boceto_4_subiendo_fotosUITests.xctest */;
			productType = "com.apple.product-type.bundle.ui-testing";
		};
/* End PBXNativeTarget section */

/* Begin PBXProject section */
		FB325FF82CD285300096812A /* Project object */ = {
			isa = PBXProject;
			attributes = {
				BuildIndependentTargetsInParallel = 1;
				LastSwiftUpdateCheck = 1540;
				LastUpgradeCheck = 1540;
				TargetAttributes = {
					FB325FFF2CD285300096812A = {
						CreatedOnToolsVersion = 15.4;
					};
					FB3260152CD285300096812A = {
						CreatedOnToolsVersion = 15.4;
						TestTargetID = FB325FFF2CD285300096812A;
					};
					FB32601F2CD285300096812A = {
						CreatedOnToolsVersion = 15.4;
						TestTargetID = FB325FFF2CD285300096812A;
					};
				};
			};
			buildConfigurationList = FB325FFB2CD285300096812A /* Build configuration list for PBXProject "boceto_4_subiendo_fotos" */;
			compatibilityVersion = "Xcode 14.0";
			developmentRegion = en;
			hasScannedForEncodings = 0;
			knownRegions = (
				en,
				Base,
			);
			mainGroup = FB325FF72CD285300096812A;
			productRefGroup = FB3260012CD285300096812A /* Products */;
			projectDirPath = "";
			projectRoot = "";
			targets = (
				FB325FFF2CD285300096812A /* boceto_4_subiendo_fotos */,
				FB3260152CD285300096812A /* boceto_4_subiendo_fotosTests */,
				FB32601F2CD285300096812A /* boceto_4_subiendo_fotosUITests */,
			);
		};
/* End PBXProject section */

/* Begin PBXResourcesBuildPhase section */
		FB325FFE2CD285300096812A /* Resources */ = {
			isa = PBXResourcesBuildPhase;
			buildActionMask = 2147483647;
			files = (
				FB32600D2CD285300096812A /* Assets.xcassets in Resources */,
				FB3260102CD285300096812A /* Base in Resources */,
				FB32600B2CD285300096812A /* Base in Resources */,
			);
			runOnlyForDeploymentPostprocessing = 0;
		};
		FB3260142CD285300096812A /* Resources */ = {
			isa = PBXResourcesBuildPhase;
			buildActionMask = 2147483647;
			files = (
			);
			runOnlyForDeploymentPostprocessing = 0;
		};
		FB32601E2CD285300096812A /* Resources */ = {
			isa = PBXResourcesBuildPhase;
			buildActionMask = 2147483647;
			files = (
			);
			runOnlyForDeploymentPostprocessing = 0;
		};
/* End PBXResourcesBuildPhase section */

/* Begin PBXSourcesBuildPhase section */
		FB325FFC2CD285300096812A /* Sources */ = {
			isa = PBXSourcesBuildPhase;
			buildActionMask = 2147483647;
			files = (
				FB3260082CD285300096812A /* ViewController.swift in Sources */,
				FB3260042CD285300096812A /* AppDelegate.swift in Sources */,
				FB3260062CD285300096812A /* SceneDelegate.swift in Sources */,
			);
			runOnlyForDeploymentPostprocessing = 0;
		};
		FB3260122CD285300096812A /* Sources */ = {
			isa = PBXSourcesBuildPhase;
			buildActionMask = 2147483647;
			files = (
				FB32601B2CD285300096812A /* boceto_4_subiendo_fotosTests.swift in Sources */,
			);
			runOnlyForDeploymentPostprocessing = 0;
		};
		FB32601C2CD285300096812A /* Sources */ = {
			isa = PBXSourcesBuildPhase;
			buildActionMask = 2147483647;
			files = (
				FB3260272CD285300096812A /* boceto_4_subiendo_fotosUITestsLaunchTests.swift in Sources */,
				FB3260252CD285300096812A /* boceto_4_subiendo_fotosUITests.swift in Sources */,
			);
			runOnlyForDeploymentPostprocessing = 0;
		};
/* End PBXSourcesBuildPhase section */

/* Begin PBXTargetDependency section */
		FB3260182CD285300096812A /* PBXTargetDependency */ = {
			isa = PBXTargetDependency;
			target = FB325FFF2CD285300096812A /* boceto_4_subiendo_fotos */;
			targetProxy = FB3260172CD285300096812A /* PBXContainerItemProxy */;
		};
		FB3260222CD285300096812A /* PBXTargetDependency */ = {
			isa = PBXTargetDependency;
			target = FB325FFF2CD285300096812A /* boceto_4_subiendo_fotos */;
			targetProxy = FB3260212CD285300096812A /* PBXContainerItemProxy */;
		};
/* End PBXTargetDependency section */

/* Begin PBXVariantGroup section */
		FB3260092CD285300096812A /* Main.storyboard */ = {
			isa = PBXVariantGroup;
			children = (
				FB32600A2CD285300096812A /* Base */,
			);
			name = Main.storyboard;
			sourceTree = "<group>";
		};
		FB32600E2CD285300096812A /* LaunchScreen.storyboard */ = {
			isa = PBXVariantGroup;
			children = (
				FB32600F2CD285300096812A /* Base */,
			);
			name = LaunchScreen.storyboard;
			sourceTree = "<group>";
		};
/* End PBXVariantGroup section */

/* Begin XCBuildConfiguration section */
		FB3260282CD285300096812A /* Debug */ = {
			isa = XCBuildConfiguration;
			buildSettings = {
				ALWAYS_SEARCH_USER_PATHS = NO;
				ASSETCATALOG_COMPILER_GENERATE_SWIFT_ASSET_SYMBOL_EXTENSIONS = YES;
				CLANG_ANALYZER_NONNULL = YES;
				CLANG_ANALYZER_NUMBER_OBJECT_CONVERSION = YES_AGGRESSIVE;
				CLANG_CXX_LANGUAGE_STANDARD = "gnu++20";
				CLANG_ENABLE_MODULES = YES;
				CLANG_ENABLE_OBJC_ARC = YES;
				CLANG_ENABLE_OBJC_WEAK = YES;
				CLANG_WARN_BLOCK_CAPTURE_AUTORELEASING = YES;
				CLANG_WARN_BOOL_CONVERSION = YES;
				CLANG_WARN_COMMA = YES;
				CLANG_WARN_CONSTANT_CONVERSION = YES;
				CLANG_WARN_DEPRECATED_OBJC_IMPLEMENTATIONS = YES;
				CLANG_WARN_DIRECT_OBJC_ISA_USAGE = YES_ERROR;
				CLANG_WARN_DOCUMENTATION_COMMENTS = YES;
				CLANG_WARN_EMPTY_BODY = YES;
				CLANG_WARN_ENUM_CONVERSION = YES;
				CLANG_WARN_INFINITE_RECURSION = YES;
				CLANG_WARN_INT_CONVERSION = YES;
				CLANG_WARN_NON_LITERAL_NULL_CONVERSION = YES;
				CLANG_WARN_OBJC_IMPLICIT_RETAIN_SELF = YES;
				CLANG_WARN_OBJC_LITERAL_CONVERSION = YES;
				CLANG_WARN_OBJC_ROOT_CLASS = YES_ERROR;
				CLANG_WARN_QUOTED_INCLUDE_IN_FRAMEWORK_HEADER = YES;
				CLANG_WARN_RANGE_LOOP_ANALYSIS = YES;
				CLANG_WARN_STRICT_PROTOTYPES = YES;
				CLANG_WARN_SUSPICIOUS_MOVE = YES;
				CLANG_WARN_UNGUARDED_AVAILABILITY = YES_AGGRESSIVE;
				CLANG_WARN_UNREACHABLE_CODE = YES;
				CLANG_WARN__DUPLICATE_METHOD_MATCH = YES;
				COPY_PHASE_STRIP = NO;
				DEBUG_INFORMATION_FORMAT = dwarf;
				ENABLE_STRICT_OBJC_MSGSEND = YES;
				ENABLE_TESTABILITY = YES;
				ENABLE_USER_SCRIPT_SANDBOXING = YES;
				GCC_C_LANGUAGE_STANDARD = gnu17;
				GCC_DYNAMIC_NO_PIC = NO;
				GCC_NO_COMMON_BLOCKS = YES;
				GCC_OPTIMIZATION_LEVEL = 0;
				GCC_PREPROCESSOR_DEFINITIONS = (
					"DEBUG=1",
					"$(inherited)",
				);
				GCC_WARN_64_TO_32_BIT_CONVERSION = YES;
				GCC_WARN_ABOUT_RETURN_TYPE = YES_ERROR;
				GCC_WARN_UNDECLARED_SELECTOR = YES;
				GCC_WARN_UNINITIALIZED_AUTOS = YES_AGGRESSIVE;
				GCC_WARN_UNUSED_FUNCTION = YES;
				GCC_WARN_UNUSED_VARIABLE = YES;
				IPHONEOS_DEPLOYMENT_TARGET = 17.5;
				LOCALIZATION_PREFERS_STRING_CATALOGS = YES;
				MTL_ENABLE_DEBUG_INFO = INCLUDE_SOURCE;
				MTL_FAST_MATH = YES;
				ONLY_ACTIVE_ARCH = YES;
				SDKROOT = iphoneos;
				SWIFT_ACTIVE_COMPILATION_CONDITIONS = "DEBUG $(inherited)";
				SWIFT_OPTIMIZATION_LEVEL = "-Onone";
			};
			name = Debug;
		};
		FB3260292CD285300096812A /* Release */ = {
			isa = XCBuildConfiguration;
			buildSettings = {
				ALWAYS_SEARCH_USER_PATHS = NO;
				ASSETCATALOG_COMPILER_GENERATE_SWIFT_ASSET_SYMBOL_EXTENSIONS = YES;
				CLANG_ANALYZER_NONNULL = YES;
				CLANG_ANALYZER_NUMBER_OBJECT_CONVERSION = YES_AGGRESSIVE;
				CLANG_CXX_LANGUAGE_STANDARD = "gnu++20";
				CLANG_ENABLE_MODULES = YES;
				CLANG_ENABLE_OBJC_ARC = YES;
				CLANG_ENABLE_OBJC_WEAK = YES;
				CLANG_WARN_BLOCK_CAPTURE_AUTORELEASING = YES;
				CLANG_WARN_BOOL_CONVERSION = YES;
				CLANG_WARN_COMMA = YES;
				CLANG_WARN_CONSTANT_CONVERSION = YES;
				CLANG_WARN_DEPRECATED_OBJC_IMPLEMENTATIONS = YES;
				CLANG_WARN_DIRECT_OBJC_ISA_USAGE = YES_ERROR;
				CLANG_WARN_DOCUMENTATION_COMMENTS = YES;
				CLANG_WARN_EMPTY_BODY = YES;
				CLANG_WARN_ENUM_CONVERSION = YES;
				CLANG_WARN_INFINITE_RECURSION = YES;
				CLANG_WARN_INT_CONVERSION = YES;
				CLANG_WARN_NON_LITERAL_NULL_CONVERSION = YES;
				CLANG_WARN_OBJC_IMPLICIT_RETAIN_SELF = YES;
				CLANG_WARN_OBJC_LITERAL_CONVERSION = YES;
				CLANG_WARN_OBJC_ROOT_CLASS = YES_ERROR;
				CLANG_WARN_QUOTED_INCLUDE_IN_FRAMEWORK_HEADER = YES;
				CLANG_WARN_RANGE_LOOP_ANALYSIS = YES;
				CLANG_WARN_STRICT_PROTOTYPES = YES;
				CLANG_WARN_SUSPICIOUS_MOVE = YES;
				CLANG_WARN_UNGUARDED_AVAILABILITY = YES_AGGRESSIVE;
				CLANG_WARN_UNREACHABLE_CODE = YES;
				CLANG_WARN__DUPLICATE_METHOD_MATCH = YES;
				COPY_PHASE_STRIP = NO;
				DEBUG_INFORMATION_FORMAT = "dwarf-with-dsym";
				ENABLE_NS_ASSERTIONS = NO;
				ENABLE_STRICT_OBJC_MSGSEND = YES;
				ENABLE_USER_SCRIPT_SANDBOXING = YES;
				GCC_C_LANGUAGE_STANDARD = gnu17;
				GCC_NO_COMMON_BLOCKS = YES;
				GCC_WARN_64_TO_32_BIT_CONVERSION = YES;
				GCC_WARN_ABOUT_RETURN_TYPE = YES_ERROR;
				GCC_WARN_UNDECLARED_SELECTOR = YES;
				GCC_WARN_UNINITIALIZED_AUTOS = YES_AGGRESSIVE;
				GCC_WARN_UNUSED_FUNCTION = YES;
				GCC_WARN_UNUSED_VARIABLE = YES;
				IPHONEOS_DEPLOYMENT_TARGET = 17.5;
				LOCALIZATION_PREFERS_STRING_CATALOGS = YES;
				MTL_ENABLE_DEBUG_INFO = NO;
				MTL_FAST_MATH = YES;
				SDKROOT = iphoneos;
				SWIFT_COMPILATION_MODE = wholemodule;
				VALIDATE_PRODUCT = YES;
			};
			name = Release;
		};
		FB32602B2CD285300096812A /* Debug */ = {
			isa = XCBuildConfiguration;
			buildSettings = {
				ASSETCATALOG_COMPILER_APPICON_NAME = AppIcon;
				ASSETCATALOG_COMPILER_GLOBAL_ACCENT_COLOR_NAME = AccentColor;
				CODE_SIGN_STYLE = Automatic;
				CURRENT_PROJECT_VERSION = 1;
				GENERATE_INFOPLIST_FILE = YES;
				INFOPLIST_FILE = boceto_4_subiendo_fotos/Info.plist;
				INFOPLIST_KEY_UIApplicationSupportsIndirectInputEvents = YES;
				INFOPLIST_KEY_UILaunchStoryboardName = LaunchScreen;
				INFOPLIST_KEY_UIMainStoryboardFile = Main;
				INFOPLIST_KEY_UISupportedInterfaceOrientations_iPad = "UIInterfaceOrientationPortrait UIInterfaceOrientationPortraitUpsideDown UIInterfaceOrientationLandscapeLeft UIInterfaceOrientationLandscapeRight";
				INFOPLIST_KEY_UISupportedInterfaceOrientations_iPhone = "UIInterfaceOrientationPortrait UIInterfaceOrientationLandscapeLeft UIInterfaceOrientationLandscapeRight";
				LD_RUNPATH_SEARCH_PATHS = (
					"$(inherited)",
					"@executable_path/Frameworks",
				);
				MARKETING_VERSION = 1.0;
				PRODUCT_BUNDLE_IDENTIFIER = "mx.uacj.bocetos-4.boceto-4-subiendo-fotos";
				PRODUCT_NAME = "$(TARGET_NAME)";
				SWIFT_EMIT_LOC_STRINGS = YES;
				SWIFT_VERSION = 5.0;
				TARGETED_DEVICE_FAMILY = "1,2";
			};
			name = Debug;
		};
		FB32602C2CD285300096812A /* Release */ = {
			isa = XCBuildConfiguration;
			buildSettings = {
				ASSETCATALOG_COMPILER_APPICON_NAME = AppIcon;
				ASSETCATALOG_COMPILER_GLOBAL_ACCENT_COLOR_NAME = AccentColor;
				CODE_SIGN_STYLE = Automatic;
				CURRENT_PROJECT_VERSION = 1;
				GENERATE_INFOPLIST_FILE = YES;
				INFOPLIST_FILE = boceto_4_subiendo_fotos/Info.plist;
				INFOPLIST_KEY_UIApplicationSupportsIndirectInputEvents = YES;
				INFOPLIST_KEY_UILaunchStoryboardName = LaunchScreen;
				INFOPLIST_KEY_UIMainStoryboardFile = Main;
				INFOPLIST_KEY_UISupportedInterfaceOrientations_iPad = "UIInterfaceOrientationPortrait UIInterfaceOrientationPortraitUpsideDown UIInterfaceOrientationLandscapeLeft UIInterfaceOrientationLandscapeRight";
				INFOPLIST_KEY_UISupportedInterfaceOrientations_iPhone = "UIInterfaceOrientationPortrait UIInterfaceOrientationLandscapeLeft UIInterfaceOrientationLandscapeRight";
				LD_RUNPATH_SEARCH_PATHS = (
					"$(inherited)",
					"@executable_path/Frameworks",
				);
				MARKETING_VERSION = 1.0;
				PRODUCT_BUNDLE_IDENTIFIER = "mx.uacj.bocetos-4.boceto-4-subiendo-fotos";
				PRODUCT_NAME = "$(TARGET_NAME)";
				SWIFT_EMIT_LOC_STRINGS = YES;
				SWIFT_VERSION = 5.0;
				TARGETED_DEVICE_FAMILY = "1,2";
			};
			name = Release;
		};
		FB32602E2CD285300096812A /* Debug */ = {
			isa = XCBuildConfiguration;
			buildSettings = {
				ALWAYS_EMBED_SWIFT_STANDARD_LIBRARIES = YES;
				BUNDLE_LOADER = "$(TEST_HOST)";
				CODE_SIGN_STYLE = Automatic;
				CURRENT_PROJECT_VERSION = 1;
				GENERATE_INFOPLIST_FILE = YES;
				IPHONEOS_DEPLOYMENT_TARGET = 17.5;
				MARKETING_VERSION = 1.0;
				PRODUCT_BUNDLE_IDENTIFIER = "mx.uacj.bocetos-4.boceto-4-subiendo-fotosTests";
				PRODUCT_NAME = "$(TARGET_NAME)";
				SWIFT_EMIT_LOC_STRINGS = NO;
				SWIFT_VERSION = 5.0;
				TARGETED_DEVICE_FAMILY = "1,2";
				TEST_HOST = "$(BUILT_PRODUCTS_DIR)/boceto_4_subiendo_fotos.app/$(BUNDLE_EXECUTABLE_FOLDER_PATH)/boceto_4_subiendo_fotos";
			};
			name = Debug;
		};
		FB32602F2CD285300096812A /* Release */ = {
			isa = XCBuildConfiguration;
			buildSettings = {
				ALWAYS_EMBED_SWIFT_STANDARD_LIBRARIES = YES;
				BUNDLE_LOADER = "$(TEST_HOST)";
				CODE_SIGN_STYLE = Automatic;
				CURRENT_PROJECT_VERSION = 1;
				GENERATE_INFOPLIST_FILE = YES;
				IPHONEOS_DEPLOYMENT_TARGET = 17.5;
				MARKETING_VERSION = 1.0;
				PRODUCT_BUNDLE_IDENTIFIER = "mx.uacj.bocetos-4.boceto-4-subiendo-fotosTests";
				PRODUCT_NAME = "$(TARGET_NAME)";
				SWIFT_EMIT_LOC_STRINGS = NO;
				SWIFT_VERSION = 5.0;
				TARGETED_DEVICE_FAMILY = "1,2";
				TEST_HOST = "$(BUILT_PRODUCTS_DIR)/boceto_4_subiendo_fotos.app/$(BUNDLE_EXECUTABLE_FOLDER_PATH)/boceto_4_subiendo_fotos";
			};
			name = Release;
		};
		FB3260312CD285300096812A /* Debug */ = {
			isa = XCBuildConfiguration;
			buildSettings = {
				ALWAYS_EMBED_SWIFT_STANDARD_LIBRARIES = YES;
				CODE_SIGN_STYLE = Automatic;
				CURRENT_PROJECT_VERSION = 1;
				GENERATE_INFOPLIST_FILE = YES;
				MARKETING_VERSION = 1.0;
				PRODUCT_BUNDLE_IDENTIFIER = "mx.uacj.bocetos-4.boceto-4-subiendo-fotosUITests";
				PRODUCT_NAME = "$(TARGET_NAME)";
				SWIFT_EMIT_LOC_STRINGS = NO;
				SWIFT_VERSION = 5.0;
				TARGETED_DEVICE_FAMILY = "1,2";
				TEST_TARGET_NAME = boceto_4_subiendo_fotos;
			};
			name = Debug;
		};
		FB3260322CD285300096812A /* Release */ = {
			isa = XCBuildConfiguration;
			buildSettings = {
				ALWAYS_EMBED_SWIFT_STANDARD_LIBRARIES = YES;
				CODE_SIGN_STYLE = Automatic;
				CURRENT_PROJECT_VERSION = 1;
				GENERATE_INFOPLIST_FILE = YES;
				MARKETING_VERSION = 1.0;
				PRODUCT_BUNDLE_IDENTIFIER = "mx.uacj.bocetos-4.boceto-4-subiendo-fotosUITests";
				PRODUCT_NAME = "$(TARGET_NAME)";
				SWIFT_EMIT_LOC_STRINGS = NO;
				SWIFT_VERSION = 5.0;
				TARGETED_DEVICE_FAMILY = "1,2";
				TEST_TARGET_NAME = boceto_4_subiendo_fotos;
			};
			name = Release;
		};
/* End XCBuildConfiguration section */

/* Begin XCConfigurationList section */
		FB325FFB2CD285300096812A /* Build configuration list for PBXProject "boceto_4_subiendo_fotos" */ = {
			isa = XCConfigurationList;
			buildConfigurations = (
				FB3260282CD285300096812A /* Debug */,
				FB3260292CD285300096812A /* Release */,
			);
			defaultConfigurationIsVisible = 0;
			defaultConfigurationName = Release;
		};
		FB32602A2CD285300096812A /* Build configuration list for PBXNativeTarget "boceto_4_subiendo_fotos" */ = {
			isa = XCConfigurationList;
			buildConfigurations = (
				FB32602B2CD285300096812A /* Debug */,
				FB32602C2CD285300096812A /* Release */,
			);
			defaultConfigurationIsVisible = 0;
			defaultConfigurationName = Release;
		};
		FB32602D2CD285300096812A /* Build configuration list for PBXNativeTarget "boceto_4_subiendo_fotosTests" */ = {
			isa = XCConfigurationList;
			buildConfigurations = (
				FB32602E2CD285300096812A /* Debug */,
				FB32602F2CD285300096812A /* Release */,
			);
			defaultConfigurationIsVisible = 0;
			defaultConfigurationName = Release;
		};
		FB3260302CD285300096812A /* Build configuration list for PBXNativeTarget "boceto_4_subiendo_fotosUITests" */ = {
			isa = XCConfigurationList;
			buildConfigurations = (
				FB3260312CD285300096812A /* Debug */,
				FB3260322CD285300096812A /* Release */,
			);
			defaultConfigurationIsVisible = 0;
			defaultConfigurationName = Release;
		};
/* End XCConfigurationList section */
	};
	rootObject = FB325FF82CD285300096812A /* Project object */;
}
